{
  "name": "kodekit-ui",
  "version": "1.2.1",
  "lockfileVersion": 1,
  "requires": true,
  "dependencies": {
    "almond": {
      "version": "0.3.3",
      "resolved": "https://registry.npmjs.org/almond/-/almond-0.3.3.tgz",
      "integrity": "sha1-oOfJWsdiTWQXtElLHmi/9pMWiiA=",
      "dev": true
    },
    "alpinejs": {
      "version": "2.3.3",
      "resolved": "https://registry.npmjs.org/alpinejs/-/alpinejs-2.3.3.tgz",
      "integrity": "sha512-bdypevdAMNpt2X4s4bebiQ3M5Otxy1OvIhpJDxu6bezbO0k7sVQq7ZWhD251lIQILGZ0s1Y4skyci1DZ+heN9w=="
    },
    "bootstrap": {
      "version": "4.1.3",
      "resolved": "https://registry.npmjs.org/bootstrap/-/bootstrap-4.1.3.tgz",
      "integrity": "sha512-rDFIzgXcof0jDyjNosjv4Sno77X4KuPeFxG2XZZv1/Kc8DRVGVADdoQyyOVDwPqL36DDmtCQbrpMCqvpPLJQ0w==",
      "dev": true
    },
    "bootstrap-sass": {
      "version": "3.4.1",
      "resolved": "https://registry.npmjs.org/bootstrap-sass/-/bootstrap-sass-3.4.1.tgz",
      "integrity": "sha512-p5rxsK/IyEDQm2CwiHxxUi0MZZtvVFbhWmyMOt4lLkA4bujDA1TGoKT0i1FKIWiugAdP+kK8T5KMDFIKQCLYIA=="
    },
    "footable": {
      "version": "git+https://github.com/fooplugins/FooTable.git#531e97698092014d7472dd60a63fd7ea48823d92",
      "from": "git+https://github.com/fooplugins/FooTable.git#2.0.3",
      "dev": true,
      "requires": {
        "jquery": ">=1.4.4"
      }
    },
    "jqtree": {
      "version": "1.3.4",
      "resolved": "https://registry.npmjs.org/jqtree/-/jqtree-1.3.4.tgz",
      "integrity": "sha1-3VbvO8ltEJgRU5LUHvGx9a7EdGk=",
      "dev": true,
      "requires": {
        "jquery": ">=1.9"
      }
    },
    "jquery": {
      "version": "3.5.0",
      "resolved": "https://registry.npmjs.org/jquery/-/jquery-3.5.0.tgz",
      "integrity": "sha512-Xb7SVYMvygPxbFMpTFQiHh1J7HClEaThguL15N/Gg37Lri/qKyhRGZYzHRyLH8Stq3Aow0LsHO2O2ci86fCrNQ==",
      "dev": true
    },
    "jquery-mousewheel": {
      "version": "3.1.13",
      "resolved": "https://registry.npmjs.org/jquery-mousewheel/-/jquery-mousewheel-3.1.13.tgz",
      "integrity": "sha1-BvAzXxbjU6aV5yBr9QUDy1I6buU=",
      "dev": true
    },
    "jquery-validation": {
      "version": "1.14.0",
      "resolved": "https://registry.npmjs.org/jquery-validation/-/jquery-validation-1.14.0.tgz",
      "integrity": "sha1-uMBMnaGSkvwz4twFm2JMWTcVsjo=",
      "dev": true
    },
    "magnific-popup": {
      "version": "1.1.0",
      "resolved": "https://registry.npmjs.org/magnific-popup/-/magnific-popup-1.1.0.tgz",
      "integrity": "sha1-PnNixb0Y9nhf6Z5Z0BPiCvM9MEk=",
      "dev": true
    },
    "open-iconic": {
      "version": "git+https://github.com/iconic/open-iconic.git#1d1e8885c5031874b32f4e480e371ce2b1c24144",
      "from": "git+https://github.com/iconic/open-iconic.git#1.1.1",
      "dev": true
    },
    "promise-polyfill": {
      "version": "8.1.3",
      "resolved": "https://registry.npmjs.org/promise-polyfill/-/promise-polyfill-8.1.3.tgz",
      "integrity": "sha512-MG5r82wBzh7pSKDRa9y+vllNHz3e3d4CNj1PQE4BQYxLme0gKYYBm9YENq+UkEikyZ0XbiGWxYlVw3Rl9O/U8g=="
    },
    "select2": {
      "version": "4.0.3",
      "resolved": "https://registry.npmjs.org/select2/-/select2-4.0.3.tgz",
      "integrity": "sha1-IHcz/pHqy5yxoT8SRjQB9HJEng8=",
      "dev": true,
      "requires": {
        "almond": "~0.3.1",
        "jquery-mousewheel": "~3.1.13"
      }
    },
    "select2-bootstrap-theme": {
      "version": "0.1.0-beta.9",
      "resolved": "https://registry.npmjs.org/select2-bootstrap-theme/-/select2-bootstrap-theme-0.1.0-beta.9.tgz",
      "integrity": "sha1-zrXRVbeJ7fQVEDPwcULfiJi2Ax0=",
      "dev": true
    },
    "vue": {
      "version": "2.3.3",
      "resolved": "https://registry.npmjs.org/vue/-/vue-2.3.3.tgz",
      "integrity": "sha1-0eqo/eUkBzWkVj508sf+rZy7Bkw="
    },
    "vuex": {
      "version": "2.3.1",
      "resolved": "https://registry.npmjs.org/vuex/-/vuex-2.3.1.tgz",
      "integrity": "sha1-zejpl8H5lXcZvH3qFU+appHZgaY="
    }
  }
}
